// !$*UTF8*$!
{
	archiveVersion = 1;
	classes = {
	};
	objectVersion = 48;
	objects = {

/* Begin PBXBuildFile section */
		5BBA339D28AA06812B132A3E /* libPods-Moyu.a in Frameworks */ = {isa = PBXBuildFile; fileRef = 409AAAE656D07BE3FD1FE8F7 /* libPods-Moyu.a */; };
		DD3827461FE6B517000D0121 /* AppDelegate.m in Sources */ = {isa = PBXBuildFile; fileRef = DD3827451FE6B517000D0121 /* AppDelegate.m */; };
		DD3827491FE6B517000D0121 /* ViewController.m in Sources */ = {isa = PBXBuildFile; fileRef = DD3827481FE6B517000D0121 /* ViewController.m */; };
		DD38274C1FE6B517000D0121 /* Main.storyboard in Resources */ = {isa = PBXBuildFile; fileRef = DD38274A1FE6B517000D0121 /* Main.storyboard */; };
		DD3827511FE6B517000D0121 /* LaunchScreen.storyboard in Resources */ = {isa = PBXBuildFile; fileRef = DD38274F1FE6B517000D0121 /* LaunchScreen.storyboard */; };
		DD3827541FE6B517000D0121 /* main.m in Sources */ = {isa = PBXBuildFile; fileRef = DD3827531FE6B517000D0121 /* main.m */; };
		DD38275B1FE6B630000D0121 /* Assets.xcassets in Resources */ = {isa = PBXBuildFile; fileRef = DD38275A1FE6B630000D0121 /* Assets.xcassets */; };
		DD38275F1FE6B7FF000D0121 /* MYNavigationController.m in Sources */ = {isa = PBXBuildFile; fileRef = DD38275E1FE6B7FF000D0121 /* MYNavigationController.m */; };
		DD3827621FE6B839000D0121 /* MYTabBarController.m in Sources */ = {isa = PBXBuildFile; fileRef = DD3827611FE6B839000D0121 /* MYTabBarController.m */; };
		DD3827651FE6B850000D0121 /* MYTabBar.m in Sources */ = {isa = PBXBuildFile; fileRef = DD3827641FE6B850000D0121 /* MYTabBar.m */; };
/* End PBXBuildFile section */

/* Begin PBXFileReference section */
		409AAAE656D07BE3FD1FE8F7 /* libPods-Moyu.a */ = {isa = PBXFileReference; explicitFileType = archive.ar; includeInIndex = 0; path = "libPods-Moyu.a"; sourceTree = BUILT_PRODUCTS_DIR; };
		5784520D56A0A3B6E82A5551 /* Pods-Moyu.release.xcconfig */ = {isa = PBXFileReference; includeInIndex = 1; lastKnownFileType = text.xcconfig; name = "Pods-Moyu.release.xcconfig"; path = "Pods/Target Support Files/Pods-Moyu/Pods-Moyu.release.xcconfig"; sourceTree = "<group>"; };
		D4216A9497B7081182354630 /* Pods-Moyu.debug.xcconfig */ = {isa = PBXFileReference; includeInIndex = 1; lastKnownFileType = text.xcconfig; name = "Pods-Moyu.debug.xcconfig"; path = "Pods/Target Support Files/Pods-Moyu/Pods-Moyu.debug.xcconfig"; sourceTree = "<group>"; };
		DD3827411FE6B517000D0121 /* Moyu.app */ = {isa = PBXFileReference; explicitFileType = wrapper.application; includeInIndex = 0; path = Moyu.app; sourceTree = BUILT_PRODUCTS_DIR; };
		DD3827441FE6B517000D0121 /* AppDelegate.h */ = {isa = PBXFileReference; lastKnownFileType = sourcecode.c.h; path = AppDelegate.h; sourceTree = "<group>"; };
		DD3827451FE6B517000D0121 /* AppDelegate.m */ = {isa = PBXFileReference; lastKnownFileType = sourcecode.c.objc; path = AppDelegate.m; sourceTree = "<group>"; };
		DD3827471FE6B517000D0121 /* ViewController.h */ = {isa = PBXFileReference; lastKnownFileType = sourcecode.c.h; path = ViewController.h; sourceTree = "<group>"; };
		DD3827481FE6B517000D0121 /* ViewController.m */ = {isa = PBXFileReference; lastKnownFileType = sourcecode.c.objc; path = ViewController.m; sourceTree = "<group>"; };
		DD38274B1FE6B517000D0121 /* Base */ = {isa = PBXFileReference; lastKnownFileType = file.storyboard; name = Base; path = Base.lproj/Main.storyboard; sourceTree = "<group>"; };
		DD3827501FE6B517000D0121 /* Base */ = {isa = PBXFileReference; lastKnownFileType = file.storyboard; name = Base; path = Base.lproj/LaunchScreen.storyboard; sourceTree = "<group>"; };
		DD3827521FE6B517000D0121 /* Info.plist */ = {isa = PBXFileReference; lastKnownFileType = text.plist.xml; path = Info.plist; sourceTree = "<group>"; };
		DD3827531FE6B517000D0121 /* main.m */ = {isa = PBXFileReference; lastKnownFileType = sourcecode.c.objc; path = main.m; sourceTree = "<group>"; };
		DD38275A1FE6B630000D0121 /* Assets.xcassets */ = {isa = PBXFileReference; lastKnownFileType = folder.assetcatalog; path = Assets.xcassets; sourceTree = "<group>"; };
		DD38275D1FE6B7FF000D0121 /* MYNavigationController.h */ = {isa = PBXFileReference; lastKnownFileType = sourcecode.c.h; path = MYNavigationController.h; sourceTree = "<group>"; };
		DD38275E1FE6B7FF000D0121 /* MYNavigationController.m */ = {isa = PBXFileReference; lastKnownFileType = sourcecode.c.objc; path = MYNavigationController.m; sourceTree = "<group>"; };
		DD3827601FE6B839000D0121 /* MYTabBarController.h */ = {isa = PBXFileReference; lastKnownFileType = sourcecode.c.h; path = MYTabBarController.h; sourceTree = "<group>"; };
		DD3827611FE6B839000D0121 /* MYTabBarController.m */ = {isa = PBXFileReference; lastKnownFileType = sourcecode.c.objc; path = MYTabBarController.m; sourceTree = "<group>"; };
		DD3827631FE6B850000D0121 /* MYTabBar.h */ = {isa = PBXFileReference; lastKnownFileType = sourcecode.c.h; path = MYTabBar.h; sourceTree = "<group>"; };
		DD3827641FE6B850000D0121 /* MYTabBar.m */ = {isa = PBXFileReference; lastKnownFileType = sourcecode.c.objc; path = MYTabBar.m; sourceTree = "<group>"; };
/* End PBXFileReference section */

/* Begin PBXFrameworksBuildPhase section */
		DD38273E1FE6B517000D0121 /* Frameworks */ = {
			isa = PBXFrameworksBuildPhase;
			buildActionMask = 2147483647;
			files = (
				5BBA339D28AA06812B132A3E /* libPods-Moyu.a in Frameworks */,
			);
			runOnlyForDeploymentPostprocessing = 0;
		};
/* End PBXFrameworksBuildPhase section */

/* Begin PBXGroup section */
		04E278FD9C1C3DD9560318D1 /* Pods */ = {
			isa = PBXGroup;
			children = (
				D4216A9497B7081182354630 /* Pods-Moyu.debug.xcconfig */,
				5784520D56A0A3B6E82A5551 /* Pods-Moyu.release.xcconfig */,
			);
			name = Pods;
			sourceTree = "<group>";
		};
		DD3827381FE6B517000D0121 = {
			isa = PBXGroup;
			children = (
				DD3827431FE6B517000D0121 /* Moyu */,
				DD3827421FE6B517000D0121 /* Products */,
				04E278FD9C1C3DD9560318D1 /* Pods */,
				E668AAFC7B1CAFC47068C200 /* Frameworks */,
			);
			sourceTree = "<group>";
		};
		DD3827421FE6B517000D0121 /* Products */ = {
			isa = PBXGroup;
			children = (
				DD3827411FE6B517000D0121 /* Moyu.app */,
			);
			name = Products;
			sourceTree = "<group>";
		};
		DD3827431FE6B517000D0121 /* Moyu */ = {
			isa = PBXGroup;
			children = (
				DD38275C1FE6B7C3000D0121 /* Base */,
				DD3827441FE6B517000D0121 /* AppDelegate.h */,
				DD3827451FE6B517000D0121 /* AppDelegate.m */,
				DD3827471FE6B517000D0121 /* ViewController.h */,
				DD3827481FE6B517000D0121 /* ViewController.m */,
				DD38275A1FE6B630000D0121 /* Assets.xcassets */,
				DD38274A1FE6B517000D0121 /* Main.storyboard */,
				DD38274F1FE6B517000D0121 /* LaunchScreen.storyboard */,
				DD3827521FE6B517000D0121 /* Info.plist */,
				DD3827531FE6B517000D0121 /* main.m */,
			);
			path = Moyu;
			sourceTree = "<group>";
		};
		DD38275C1FE6B7C3000D0121 /* Base */ = {
			isa = PBXGroup;
			children = (
				DD38275D1FE6B7FF000D0121 /* MYNavigationController.h */,
				DD38275E1FE6B7FF000D0121 /* MYNavigationController.m */,
				DD3827631FE6B850000D0121 /* MYTabBar.h */,
				DD3827641FE6B850000D0121 /* MYTabBar.m */,
				DD3827601FE6B839000D0121 /* MYTabBarController.h */,
				DD3827611FE6B839000D0121 /* MYTabBarController.m */,
			);
			path = Base;
			sourceTree = "<group>";
		};
		E668AAFC7B1CAFC47068C200 /* Frameworks */ = {
			isa = PBXGroup;
			children = (
				409AAAE656D07BE3FD1FE8F7 /* libPods-Moyu.a */,
			);
			name = Frameworks;
			sourceTree = "<group>";
		};
/* End PBXGroup section */

/* Begin PBXNativeTarget section */
		DD3827401FE6B517000D0121 /* Moyu */ = {
			isa = PBXNativeTarget;
			buildConfigurationList = DD3827571FE6B517000D0121 /* Build configuration list for PBXNativeTarget "Moyu" */;
			buildPhases = (
				F1D6575F17DCCEDD0734652D /* [CP] Check Pods Manifest.lock */,
				DD38273D1FE6B517000D0121 /* Sources */,
				DD38273E1FE6B517000D0121 /* Frameworks */,
				DD38273F1FE6B517000D0121 /* Resources */,
				37F0E29185CCE75225ECD80D /* [CP] Embed Pods Frameworks */,
				1CD2F619D81833A73F7F1349 /* [CP] Copy Pods Resources */,
			);
			buildRules = (
			);
			dependencies = (
			);
			name = Moyu;
			productName = Moyu;
			productReference = DD3827411FE6B517000D0121 /* Moyu.app */;
			productType = "com.apple.product-type.application";
		};
/* End PBXNativeTarget section */

/* Begin PBXProject section */
		DD3827391FE6B517000D0121 /* Project object */ = {
			isa = PBXProject;
			attributes = {
				CLASSPREFIX = MY;
				LastUpgradeCheck = 0910;
				ORGANIZATIONNAME = SandboxOL;
				TargetAttributes = {
					DD3827401FE6B517000D0121 = {
						CreatedOnToolsVersion = 9.1;
						ProvisioningStyle = Automatic;
					};
				};
			};
			buildConfigurationList = DD38273C1FE6B517000D0121 /* Build configuration list for PBXProject "Moyu" */;
			compatibilityVersion = "Xcode 8.0";
			developmentRegion = en;
			hasScannedForEncodings = 0;
			knownRegions = (
				en,
				Base,
			);
			mainGroup = DD3827381FE6B517000D0121;
			productRefGroup = DD3827421FE6B517000D0121 /* Products */;
			projectDirPath = "";
			projectRoot = "";
			targets = (
				DD3827401FE6B517000D0121 /* Moyu */,
			);
		};
/* End PBXProject section */

/* Begin PBXResourcesBuildPhase section */
		DD38273F1FE6B517000D0121 /* Resources */ = {
			isa = PBXResourcesBuildPhase;
			buildActionMask = 2147483647;
			files = (
				DD3827511FE6B517000D0121 /* LaunchScreen.storyboard in Resources */,
				DD38275B1FE6B630000D0121 /* Assets.xcassets in Resources */,
				DD38274C1FE6B517000D0121 /* Main.storyboard in Resources */,
			);
			runOnlyForDeploymentPostprocessing = 0;
		};
/* End PBXResourcesBuildPhase section */

/* Begin PBXShellScriptBuildPhase section */
		1CD2F619D81833A73F7F1349 /* [CP] Copy Pods Resources */ = {
			isa = PBXShellScriptBuildPhase;
			buildActionMask = 2147483647;
			files = (
			);
			inputPaths = (
			);
			name = "[CP] Copy Pods Resources";
			outputPaths = (
			);
			runOnlyForDeploymentPostprocessing = 0;
			shellPath = /bin/sh;
			shellScript = "\"${SRCROOT}/Pods/Target Support Files/Pods-Moyu/Pods-Moyu-resources.sh\"\n";
			showEnvVarsInLog = 0;
		};
		37F0E29185CCE75225ECD80D /* [CP] Embed Pods Frameworks */ = {
			isa = PBXShellScriptBuildPhase;
			buildActionMask = 2147483647;
			files = (
			);
			inputPaths = (
			);
			name = "[CP] Embed Pods Frameworks";
			outputPaths = (
			);
			runOnlyForDeploymentPostprocessing = 0;
			shellPath = /bin/sh;
			shellScript = "\"${SRCROOT}/Pods/Target Support Files/Pods-Moyu/Pods-Moyu-frameworks.sh\"\n";
			showEnvVarsInLog = 0;
		};
		F1D6575F17DCCEDD0734652D /* [CP] Check Pods Manifest.lock */ = {
			isa = PBXShellScriptBuildPhase;
			buildActionMask = 2147483647;
			files = (
			);
			inputPaths = (
			);
			name = "[CP] Check Pods Manifest.lock";
			outputPaths = (
			);
			runOnlyForDeploymentPostprocessing = 0;
			shellPath = /bin/sh;
			shellScript = "diff \"${PODS_PODFILE_DIR_PATH}/Podfile.lock\" \"${PODS_ROOT}/Manifest.lock\" > /dev/null\nif [ $? != 0 ] ; then\n    # print error to STDERR\n    echo \"error: The sandbox is not in sync with the Podfile.lock. Run 'pod install' or update your CocoaPods installation.\" >&2\n    exit 1\nfi\n";
			showEnvVarsInLog = 0;
		};
/* End PBXShellScriptBuildPhase section */

/* Begin PBXSourcesBuildPhase section */
		DD38273D1FE6B517000D0121 /* Sources */ = {
			isa = PBXSourcesBuildPhase;
			buildActionMask = 2147483647;
			files = (
				DD3827491FE6B517000D0121 /* ViewController.m in Sources */,
				DD3827621FE6B839000D0121 /* MYTabBarController.m in Sources */,
				DD38275F1FE6B7FF000D0121 /* MYNavigationController.m in Sources */,
				DD3827651FE6B850000D0121 /* MYTabBar.m in Sources */,
				DD3827541FE6B517000D0121 /* main.m in Sources */,
				DD3827461FE6B517000D0121 /* AppDelegate.m in Sources */,
			);
			runOnlyForDeploymentPostprocessing = 0;
		};
/* End PBXSourcesBuildPhase section */

/* Begin PBXVariantGroup section */
		DD38274A1FE6B517000D0121 /* Main.storyboard */ = {
			isa = PBXVariantGroup;
			children = (
				DD38274B1FE6B517000D0121 /* Base */,
			);
			name = Main.storyboard;
			sourceTree = "<group>";
		};
		DD38274F1FE6B517000D0121 /* LaunchScreen.storyboard */ = {
			isa = PBXVariantGroup;
			children = (
				DD3827501FE6B517000D0121 /* Base */,
			);
			name = LaunchScreen.storyboard;
			sourceTree = "<group>";
		};
/* End PBXVariantGroup section */

/* Begin XCBuildConfiguration section */
		DD3827551FE6B517000D0121 /* Debug */ = {
			isa = XCBuildConfiguration;
			buildSettings = {
				ALWAYS_SEARCH_USER_PATHS = NO;
				CLANG_ANALYZER_NONNULL = YES;
				CLANG_ANALYZER_NUMBER_OBJECT_CONVERSION = YES_AGGRESSIVE;
				CLANG_CXX_LANGUAGE_STANDARD = "gnu++14";
				CLANG_CXX_LIBRARY = "libc++";
				CLANG_ENABLE_MODULES = YES;
				CLANG_ENABLE_OBJC_ARC = YES;
				CLANG_WARN_BLOCK_CAPTURE_AUTORELEASING = YES;
				CLANG_WARN_BOOL_CONVERSION = YES;
				CLANG_WARN_COMMA = YES;
				CLANG_WARN_CONSTANT_CONVERSION = YES;
				CLANG_WARN_DIRECT_OBJC_ISA_USAGE = YES_ERROR;
				CLANG_WARN_DOCUMENTATION_COMMENTS = YES;
				CLANG_WARN_EMPTY_BODY = YES;
				CLANG_WARN_ENUM_CONVERSION = YES;
				CLANG_WARN_INFINITE_RECURSION = YES;
				CLANG_WARN_INT_CONVERSION = YES;
				CLANG_WARN_NON_LITERAL_NULL_CONVERSION = YES;
				CLANG_WARN_OBJC_LITERAL_CONVERSION = YES;
				CLANG_WARN_OBJC_ROOT_CLASS = YES_ERROR;
				CLANG_WARN_RANGE_LOOP_ANALYSIS = YES;
				CLANG_WARN_STRICT_PROTOTYPES = YES;
				CLANG_WARN_SUSPICIOUS_MOVE = YES;
				CLANG_WARN_UNGUARDED_AVAILABILITY = YES_AGGRESSIVE;
				CLANG_WARN_UNREACHABLE_CODE = YES;
				CLANG_WARN__DUPLICATE_METHOD_MATCH = YES;
				CODE_SIGN_IDENTITY = "iPhone Developer";
				COPY_PHASE_STRIP = NO;
				DEBUG_INFORMATION_FORMAT = dwarf;
				ENABLE_STRICT_OBJC_MSGSEND = YES;
				ENABLE_TESTABILITY = YES;
				GCC_C_LANGUAGE_STANDARD = gnu11;
				GCC_DYNAMIC_NO_PIC = NO;
				GCC_NO_COMMON_BLOCKS = YES;
				GCC_OPTIMIZATION_LEVEL = 0;
				GCC_PREPROCESSOR_DEFINITIONS = (
					"DEBUG=1",
					"$(inherited)",
				);
				GCC_WARN_64_TO_32_BIT_CONVERSION = YES;
				GCC_WARN_ABOUT_RETURN_TYPE = YES_ERROR;
				GCC_WARN_UNDECLARED_SELECTOR = YES;
				GCC_WARN_UNINITIALIZED_AUTOS = YES_AGGRESSIVE;
				GCC_WARN_UNUSED_FUNCTION = YES;
				GCC_WARN_UNUSED_VARIABLE = YES;
				IPHONEOS_DEPLOYMENT_TARGET = 11.1;
				MTL_ENABLE_DEBUG_INFO = YES;
				ONLY_ACTIVE_ARCH = YES;
				SDKROOT = iphoneos;
			};
			name = Debug;
		};
		DD3827561FE6B517000D0121 /* Release */ = {
			isa = XCBuildConfiguration;
			buildSettings = {
				ALWAYS_SEARCH_USER_PATHS = NO;
				CLANG_ANALYZER_NONNULL = YES;
				CLANG_ANALYZER_NUMBER_OBJECT_CONVERSION = YES_AGGRESSIVE;
				CLANG_CXX_LANGUAGE_STANDARD = "gnu++14";
				CLANG_CXX_LIBRARY = "libc++";
				CLANG_ENABLE_MODULES = YES;
				CLANG_ENABLE_OBJC_ARC = YES;
				CLANG_WARN_BLOCK_CAPTURE_AUTORELEASING = YES;
				CLANG_WARN_BOOL_CONVERSION = YES;
				CLANG_WARN_COMMA = YES;
				CLANG_WARN_CONSTANT_CONVERSION = YES;
				CLANG_WARN_DIRECT_OBJC_ISA_USAGE = YES_ERROR;
				CLANG_WARN_DOCUMENTATION_COMMENTS = YES;
				CLANG_WARN_EMPTY_BODY = YES;
				CLANG_WARN_ENUM_CONVERSION = YES;
				CLANG_WARN_INFINITE_RECURSION = YES;
				CLANG_WARN_INT_CONVERSION = YES;
				CLANG_WARN_NON_LITERAL_NULL_CONVERSION = YES;
				CLANG_WARN_OBJC_LITERAL_CONVERSION = YES;
				CLANG_WARN_OBJC_ROOT_CLASS = YES_ERROR;
				CLANG_WARN_RANGE_LOOP_ANALYSIS = YES;
				CLANG_WARN_STRICT_PROTOTYPES = YES;
				CLANG_WARN_SUSPICIOUS_MOVE = YES;
				CLANG_WARN_UNGUARDED_AVAILABILITY = YES_AGGRESSIVE;
				CLANG_WARN_UNREACHABLE_CODE = YES;
				CLANG_WARN__DUPLICATE_METHOD_MATCH = YES;
				CODE_SIGN_IDENTITY = "iPhone Developer";
				COPY_PHASE_STRIP = NO;
				DEBUG_INFORMATION_FORMAT = "dwarf-with-dsym";
				ENABLE_NS_ASSERTIONS = NO;
				ENABLE_STRICT_OBJC_MSGSEND = YES;
				GCC_C_LANGUAGE_STANDARD = gnu11;
				GCC_NO_COMMON_BLOCKS = YES;
				GCC_WARN_64_TO_32_BIT_CONVERSION = YES;
				GCC_WARN_ABOUT_RETURN_TYPE = YES_ERROR;
				GCC_WARN_UNDECLARED_SELECTOR = YES;
				GCC_WARN_UNINITIALIZED_AUTOS = YES_AGGRESSIVE;
				GCC_WARN_UNUSED_FUNCTION = YES;
				GCC_WARN_UNUSED_VARIABLE = YES;
				IPHONEOS_DEPLOYMENT_TARGET = 11.1;
				MTL_ENABLE_DEBUG_INFO = NO;
				SDKROOT = iphoneos;
				VALIDATE_PRODUCT = YES;
			};
			name = Release;
		};
		DD3827581FE6B517000D0121 /* Debug */ = {
			isa = XCBuildConfiguration;
			baseConfigurationReference = D4216A9497B7081182354630 /* Pods-Moyu.debug.xcconfig */;
			buildSettings = {
				ASSETCATALOG_COMPILER_APPICON_NAME = AppIcon;
				CODE_SIGN_STYLE = Automatic;
				DEVELOPMENT_TEAM = TUWZFZTDD4;
				INFOPLIST_FILE = Moyu/Info.plist;
				IPHONEOS_DEPLOYMENT_TARGET = 9.0;
				LD_RUNPATH_SEARCH_PATHS = "$(inherited) @executable_path/Frameworks";
				PRODUCT_BUNDLE_IDENTIFIER = com.sandboxol.Moyu;
				PRODUCT_NAME = "$(TARGET_NAME)";
				TARGETED_DEVICE_FAMILY = 1;
			};
			name = Debug;
		};
		DD3827591FE6B517000D0121 /* Release */ = {
			isa = XCBuildConfiguration;
			baseConfigurationReference = 5784520D56A0A3B6E82A5551 /* Pods-Moyu.release.xcconfig */;
			buildSettings = {
				ASSETCATALOG_COMPILER_APPICON_NAME = AppIcon;
				CODE_SIGN_STYLE = Automatic;
				DEVELOPMENT_TEAM = TUWZFZTDD4;
				INFOPLIST_FILE = Moyu/Info.plist;
				IPHONEOS_DEPLOYMENT_TARGET = 9.0;
				LD_RUNPATH_SEARCH_PATHS = "$(inherited) @executable_path/Frameworks";
				PRODUCT_BUNDLE_IDENTIFIER = com.sandboxol.Moyu;
				PRODUCT_NAME = "$(TARGET_NAME)";
				TARGETED_DEVICE_FAMILY = 1;
			};
			name = Release;
		};
/* End XCBuildConfiguration section */

/* Begin XCConfigurationList section */
		DD38273C1FE6B517000D0121 /* Build configuration list for PBXProject "Moyu" */ = {
			isa = XCConfigurationList;
			buildConfigurations = (
				DD3827551FE6B517000D0121 /* Debug */,
				DD3827561FE6B517000D0121 /* Release */,
			);
			defaultConfigurationIsVisible = 0;
			defaultConfigurationName = Release;
		};
		DD3827571FE6B517000D0121 /* Build configuration list for PBXNativeTarget "Moyu" */ = {
			isa = XCConfigurationList;
			buildConfigurations = (
				DD3827581FE6B517000D0121 /* Debug */,
				DD3827591FE6B517000D0121 /* Release */,
			);
			defaultConfigurationIsVisible = 0;
			defaultConfigurationName = Release;
		};
/* End XCConfigurationList section */
	};
	rootObject = DD3827391FE6B517000D0121 /* Project object */;
}
